
Microsoft Visual Studio Solution File, Format Version 12.00
# Visual Studio 14
VisualStudioVersion = 14.0.25123.0
MinimumVisualStudioVersion = 10.0.40219.1
Project("{FAE04EC0-301F-11D3-BF4B-00C04F79EFBC}") = "LuceneFullTextTest", "LuceneFullTextTest\LuceneFullTextTest.csproj", "{F5DBFC6C-5F4F-47B7-83E5-A80606B6D099}"
EndProject
Global
	GlobalSection(SolutionConfigurationPlatforms) = preSolution
		Debug|Any CPU = Debug|Any CPU
		Release|Any CPU = Release|Any CPU
	EndGlobalSection
	GlobalSection(ProjectConfigurationPlatforms) = postSolution
		{F5DBFC6C-5F4F-47B7-83E5-A80606B6D099}.Debug|Any CPU.ActiveCfg = Debug|Any CPU
		{F5DBFC6C-5F4F-47B7-83E5-A80606B6D099}.Debug|Any CPU.Build.0 = Debug|Any CPU
		{F5DBFC6C-5F4F-47B7-83E5-A80606B6D099}.Release|Any CPU.ActiveCfg = Release|Any CPU
		{F5DBFC6C-5F4F-47B7-83E5-A80606B6D099}.Release|Any CPU.Build.0 = Release|Any CPU
	EndGlobalSection
	GlobalSection(SolutionProperties) = preSolution
		HideSolutionNode = FALSE
	EndGlobalSection
EndGlobal
